
Microsoft Visual Studio Solution File, Format Version 12.00
# Visual Studio Version 17
VisualStudioVersion = 17.12.35527.113
MinimumVisualStudioVersion = 10.0.40219.1
Project("{FAE04EC0-301F-11D3-BF4B-00C04F79EFBC}") = "C#_ADV3", "C#_ADV3.csproj", "{B8D161CD-DC06-4621-8369-3808EC7DB95E}"
EndProject
Project("{FAE04EC0-301F-11D3-BF4B-00C04F79EFBC}") = "Assignment", "Assignment\Assignment.csproj", "{56BC37B1-2F8B-4D82-A806-0601440905F9}"
EndProject
Global
	GlobalSection(SolutionConfigurationPlatforms) = preSolution
		Debug|Any CPU = Debug|Any CPU
		Release|Any CPU = Release|Any CPU
	EndGlobalSection
	GlobalSection(ProjectConfigurationPlatforms) = postSolution
		{B8D161CD-DC06-4621-8369-3808EC7DB95E}.Debug|Any CPU.ActiveCfg = Debug|Any CPU
		{B8D161CD-DC06-4621-8369-3808EC7DB95E}.Debug|Any CPU.Build.0 = Debug|Any CPU
		{B8D161CD-DC06-4621-8369-3808EC7DB95E}.Release|Any CPU.ActiveCfg = Release|Any CPU
		{B8D161CD-DC06-4621-8369-3808EC7DB95E}.Release|Any CPU.Build.0 = Release|Any CPU
		{56BC37B1-2F8B-4D82-A806-0601440905F9}.Debug|Any CPU.ActiveCfg = Debug|Any CPU
		{56BC37B1-2F8B-4D82-A806-0601440905F9}.Debug|Any CPU.Build.0 = Debug|Any CPU
		{56BC37B1-2F8B-4D82-A806-0601440905F9}.Release|Any CPU.ActiveCfg = Release|Any CPU
		{56BC37B1-2F8B-4D82-A806-0601440905F9}.Release|Any CPU.Build.0 = Release|Any CPU
	EndGlobalSection
	GlobalSection(SolutionProperties) = preSolution
		HideSolutionNode = FALSE
	EndGlobalSection
EndGlobal
