
Microsoft Visual Studio Solution File, Format Version 12.00
# Visual Studio Version 17
VisualStudioVersion = 17.12.35527.113
MinimumVisualStudioVersion = 10.0.40219.1
Project("{FAE04EC0-301F-11D3-BF4B-00C04F79EFBC}") = "C#_Linq2", "C#_Linq2.csproj", "{8362B6E1-E8A2-4F74-9EC4-D681561FD4D1}"
EndProject
Project("{FAE04EC0-301F-11D3-BF4B-00C04F79EFBC}") = "AssignmentLinq2", "AssignmentLinq2\AssignmentLinq2.csproj", "{B3144372-E230-404C-8015-66366B48B5AF}"
EndProject
Global
	GlobalSection(SolutionConfigurationPlatforms) = preSolution
		Debug|Any CPU = Debug|Any CPU
		Release|Any CPU = Release|Any CPU
	EndGlobalSection
	GlobalSection(ProjectConfigurationPlatforms) = postSolution
		{8362B6E1-E8A2-4F74-9EC4-D681561FD4D1}.Debug|Any CPU.ActiveCfg = Debug|Any CPU
		{8362B6E1-E8A2-4F74-9EC4-D681561FD4D1}.Debug|Any CPU.Build.0 = Debug|Any CPU
		{8362B6E1-E8A2-4F74-9EC4-D681561FD4D1}.Release|Any CPU.ActiveCfg = Release|Any CPU
		{8362B6E1-E8A2-4F74-9EC4-D681561FD4D1}.Release|Any CPU.Build.0 = Release|Any CPU
		{B3144372-E230-404C-8015-66366B48B5AF}.Debug|Any CPU.ActiveCfg = Debug|Any CPU
		{B3144372-E230-404C-8015-66366B48B5AF}.Debug|Any CPU.Build.0 = Debug|Any CPU
		{B3144372-E230-404C-8015-66366B48B5AF}.Release|Any CPU.ActiveCfg = Release|Any CPU
		{B3144372-E230-404C-8015-66366B48B5AF}.Release|Any CPU.Build.0 = Release|Any CPU
	EndGlobalSection
	GlobalSection(SolutionProperties) = preSolution
		HideSolutionNode = FALSE
	EndGlobalSection
EndGlobal
