
Microsoft Visual Studio Solution File, Format Version 12.00
# Visual Studio Version 17
VisualStudioVersion = 17.12.35527.113
MinimumVisualStudioVersion = 10.0.40219.1
Project("{FAE04EC0-301F-11D3-BF4B-00C04F79EFBC}") = "OOP1", "OOP1.csproj", "{34D434FB-F756-4869-86AD-1C15AAA99F8A}"
EndProject
Project("{FAE04EC0-301F-11D3-BF4B-00C04F79EFBC}") = "AssignmentOOP1", "..\AssignmentOOP1\AssignmentOOP1.csproj", "{68EFD549-ABE3-442F-892A-2C353DDE09E1}"
EndProject
Global
	GlobalSection(SolutionConfigurationPlatforms) = preSolution
		Debug|Any CPU = Debug|Any CPU
		Release|Any CPU = Release|Any CPU
	EndGlobalSection
	GlobalSection(ProjectConfigurationPlatforms) = postSolution
		{34D434FB-F756-4869-86AD-1C15AAA99F8A}.Debug|Any CPU.ActiveCfg = Debug|Any CPU
		{34D434FB-F756-4869-86AD-1C15AAA99F8A}.Debug|Any CPU.Build.0 = Debug|Any CPU
		{34D434FB-F756-4869-86AD-1C15AAA99F8A}.Release|Any CPU.ActiveCfg = Release|Any CPU
		{34D434FB-F756-4869-86AD-1C15AAA99F8A}.Release|Any CPU.Build.0 = Release|Any CPU
		{68EFD549-ABE3-442F-892A-2C353DDE09E1}.Debug|Any CPU.ActiveCfg = Debug|Any CPU
		{68EFD549-ABE3-442F-892A-2C353DDE09E1}.Debug|Any CPU.Build.0 = Debug|Any CPU
		{68EFD549-ABE3-442F-892A-2C353DDE09E1}.Release|Any CPU.ActiveCfg = Release|Any CPU
		{68EFD549-ABE3-442F-892A-2C353DDE09E1}.Release|Any CPU.Build.0 = Release|Any CPU
	EndGlobalSection
	GlobalSection(SolutionProperties) = preSolution
		HideSolutionNode = FALSE
	EndGlobalSection
EndGlobal
