
Microsoft Visual Studio Solution File, Format Version 12.00
# Visual Studio Version 17
VisualStudioVersion = 17.12.35527.113
MinimumVisualStudioVersion = 10.0.40219.1
Project("{FAE04EC0-301F-11D3-BF4B-00C04F79EFBC}") = "C#_ADV", "C#_ADV.csproj", "{EA05D266-EFB2-4C41-AC45-96E0C4816431}"
EndProject
Project("{FAE04EC0-301F-11D3-BF4B-00C04F79EFBC}") = "Task", "Task\Task.csproj", "{DF9F5647-F13F-45D3-9277-DDCA6C87356E}"
EndProject
Global
	GlobalSection(SolutionConfigurationPlatforms) = preSolution
		Debug|Any CPU = Debug|Any CPU
		Release|Any CPU = Release|Any CPU
	EndGlobalSection
	GlobalSection(ProjectConfigurationPlatforms) = postSolution
		{EA05D266-EFB2-4C41-AC45-96E0C4816431}.Debug|Any CPU.ActiveCfg = Debug|Any CPU
		{EA05D266-EFB2-4C41-AC45-96E0C4816431}.Debug|Any CPU.Build.0 = Debug|Any CPU
		{EA05D266-EFB2-4C41-AC45-96E0C4816431}.Release|Any CPU.ActiveCfg = Release|Any CPU
		{EA05D266-EFB2-4C41-AC45-96E0C4816431}.Release|Any CPU.Build.0 = Release|Any CPU
		{DF9F5647-F13F-45D3-9277-DDCA6C87356E}.Debug|Any CPU.ActiveCfg = Debug|Any CPU
		{DF9F5647-F13F-45D3-9277-DDCA6C87356E}.Debug|Any CPU.Build.0 = Debug|Any CPU
		{DF9F5647-F13F-45D3-9277-DDCA6C87356E}.Release|Any CPU.ActiveCfg = Release|Any CPU
		{DF9F5647-F13F-45D3-9277-DDCA6C87356E}.Release|Any CPU.Build.0 = Release|Any CPU
	EndGlobalSection
	GlobalSection(SolutionProperties) = preSolution
		HideSolutionNode = FALSE
	EndGlobalSection
EndGlobal
